
Microsoft Visual Studio Solution File, Format Version 12.00
# Visual Studio Version 16
VisualStudioVersion = 16.0.30907.101
MinimumVisualStudioVersion = 10.0.40219.1
Project("{9A19103F-16F7-4668-BE54-9A1E7A4F7556}") = "BecomexChallenge.Api", "BecomexChallenge.Api\BecomexChallenge.Api.csproj", "{B0BAFFB8-CE01-4621-9999-15C74C2EBAA5}"
EndProject
Project("{9A19103F-16F7-4668-BE54-9A1E7A4F7556}") = "BecomexChallenge.Domain", "BecomexChallenge.Domain\BecomexChallenge.Domain.csproj", "{CA7E48E2-035F-42B8-BBF7-37F3FA7AB6ED}"
EndProject
Project("{9A19103F-16F7-4668-BE54-9A1E7A4F7556}") = "BecomexChallenge.Business", "BecomexChallenge.Business\BecomexChallenge.Business.csproj", "{60BBEFBC-BBAA-4FF5-887F-CE657AADCD56}"
EndProject
Global
	GlobalSection(SolutionConfigurationPlatforms) = preSolution
		Debug|Any CPU = Debug|Any CPU
		Release|Any CPU = Release|Any CPU
	EndGlobalSection
	GlobalSection(ProjectConfigurationPlatforms) = postSolution
		{B0BAFFB8-CE01-4621-9999-15C74C2EBAA5}.Debug|Any CPU.ActiveCfg = Debug|Any CPU
		{B0BAFFB8-CE01-4621-9999-15C74C2EBAA5}.Debug|Any CPU.Build.0 = Debug|Any CPU
		{B0BAFFB8-CE01-4621-9999-15C74C2EBAA5}.Release|Any CPU.ActiveCfg = Release|Any CPU
		{B0BAFFB8-CE01-4621-9999-15C74C2EBAA5}.Release|Any CPU.Build.0 = Release|Any CPU
		{CA7E48E2-035F-42B8-BBF7-37F3FA7AB6ED}.Debug|Any CPU.ActiveCfg = Debug|Any CPU
		{CA7E48E2-035F-42B8-BBF7-37F3FA7AB6ED}.Debug|Any CPU.Build.0 = Debug|Any CPU
		{CA7E48E2-035F-42B8-BBF7-37F3FA7AB6ED}.Release|Any CPU.ActiveCfg = Release|Any CPU
		{CA7E48E2-035F-42B8-BBF7-37F3FA7AB6ED}.Release|Any CPU.Build.0 = Release|Any CPU
		{60BBEFBC-BBAA-4FF5-887F-CE657AADCD56}.Debug|Any CPU.ActiveCfg = Debug|Any CPU
		{60BBEFBC-BBAA-4FF5-887F-CE657AADCD56}.Debug|Any CPU.Build.0 = Debug|Any CPU
		{60BBEFBC-BBAA-4FF5-887F-CE657AADCD56}.Release|Any CPU.ActiveCfg = Release|Any CPU
		{60BBEFBC-BBAA-4FF5-887F-CE657AADCD56}.Release|Any CPU.Build.0 = Release|Any CPU
	EndGlobalSection
	GlobalSection(SolutionProperties) = preSolution
		HideSolutionNode = FALSE
	EndGlobalSection
	GlobalSection(ExtensibilityGlobals) = postSolution
		SolutionGuid = {03BE9315-CD8B-42E7-AE3E-ABEC3683210F}
	EndGlobalSection
EndGlobal
